# This file is automatically @generated by Cargo.
# It is not intended for manual editing.
version = 4

[[package]]
name = "kivi"
version = "1.2.2"
dependencies = [
 "normalized-line-endings",
]

[[package]]
name = "normalized-line-endings"
version = "1.0.3"
source = "registry+https://github.com/rust-lang/crates.io-index"
checksum = "48c50a99c44f38341323345fe8e2e48949f22c6093590fe95d6be63c82ff1d39"
