# This file is automatically @generated by Cargo.
# It is not intended for manual editing.
version = 4

[[package]]
name = "kivi"
version = "1.1.2"
dependencies = [
 "normalized-line-endings",
]

[[package]]
name = "normalized-line-endings"
version = "0.0.8"
source = "registry+https://github.com/rust-lang/crates.io-index"
checksum = "e4ee3ae54640bcac15da341ce0781d80ef51b4bae20edd65efa7be32436b4c17"
