# This file is automatically @generated by Cargo.
# It is not intended for manual editing.
version = 4

[[package]]
name = "kivi"
version = "1.1.0"
dependencies = [
 "normalized-line-endings",
]

[[package]]
name = "normalized-line-endings"
version = "0.0.3"
source = "registry+https://github.com/rust-lang/crates.io-index"
checksum = "d7fea54bcf2f6265f32c29ded136e8c902b3617ede641039e6d5ad3eb5be96e4"
